// !$*UTF8*$!
{
	archiveVersion = 1;
	classes = {
	};
	objectVersion = 56;
	objects = {

/* Begin PBXBuildFile section */
		1DCACEE1C65CAA5D7CDBAD96 /* Pods_GalleryApp.framework in Frameworks */ = {isa = PBXBuildFile; fileRef = 5F3931D5EC538420FE714347 /* Pods_GalleryApp.framework */; };
		CC4AAC9F2BA1D67B004746CC /* AppDelegate.swift in Sources */ = {isa = PBXBuildFile; fileRef = CC4AAC9E2BA1D67B004746CC /* AppDelegate.swift */; };
		CC4AACA12BA1D67B004746CC /* SceneDelegate.swift in Sources */ = {isa = PBXBuildFile; fileRef = CC4AACA02BA1D67B004746CC /* SceneDelegate.swift */; };
		CC4AACA32BA1D67B004746CC /* ViewController.swift in Sources */ = {isa = PBXBuildFile; fileRef = CC4AACA22BA1D67B004746CC /* ViewController.swift */; };
		CC4AACA82BA1D67C004746CC /* Assets.xcassets in Resources */ = {isa = PBXBuildFile; fileRef = CC4AACA72BA1D67C004746CC /* Assets.xcassets */; };
		CC4AACAB2BA1D67C004746CC /* LaunchScreen.storyboard in Resources */ = {isa = PBXBuildFile; fileRef = CC4AACA92BA1D67C004746CC /* LaunchScreen.storyboard */; };
		CC9C67892BA30C8C002B6EE0 /* Coordinator.swift in Sources */ = {isa = PBXBuildFile; fileRef = CC9C67882BA30C8C002B6EE0 /* Coordinator.swift */; };
		CC9C678B2BA31208002B6EE0 /* ImageGalleryScreenView.swift in Sources */ = {isa = PBXBuildFile; fileRef = CC9C678A2BA31208002B6EE0 /* ImageGalleryScreenView.swift */; };
		CC9C678D2BA32107002B6EE0 /* ImageDetailScreenView.swift in Sources */ = {isa = PBXBuildFile; fileRef = CC9C678C2BA32107002B6EE0 /* ImageDetailScreenView.swift */; };
		CC9C678F2BA3240F002B6EE0 /* ImageGalleryScreenViewModel.swift in Sources */ = {isa = PBXBuildFile; fileRef = CC9C678E2BA3240F002B6EE0 /* ImageGalleryScreenViewModel.swift */; };
		CC9C67912BA32420002B6EE0 /* ImageDetailsScreenViewModel.swift in Sources */ = {isa = PBXBuildFile; fileRef = CC9C67902BA32420002B6EE0 /* ImageDetailsScreenViewModel.swift */; };
		CC9C67932BA33620002B6EE0 /* APIService.swift in Sources */ = {isa = PBXBuildFile; fileRef = CC9C67922BA33620002B6EE0 /* APIService.swift */; };
		CC9C67962BA3363B002B6EE0 /* Model.swift in Sources */ = {isa = PBXBuildFile; fileRef = CC9C67952BA3363B002B6EE0 /* Model.swift */; };
		CC9C67992BA5843D002B6EE0 /* PhotoCell.swift in Sources */ = {isa = PBXBuildFile; fileRef = CC9C67982BA5843D002B6EE0 /* PhotoCell.swift */; };
		CC9C679B2BA5AD9F002B6EE0 /* FooterView.swift in Sources */ = {isa = PBXBuildFile; fileRef = CC9C679A2BA5AD9F002B6EE0 /* FooterView.swift */; };
/* End PBXBuildFile section */

/* Begin PBXFileReference section */
		53B43B5D4AB8B6679287B1D3 /* Pods-GalleryApp.release.xcconfig */ = {isa = PBXFileReference; includeInIndex = 1; lastKnownFileType = text.xcconfig; name = "Pods-GalleryApp.release.xcconfig"; path = "Target Support Files/Pods-GalleryApp/Pods-GalleryApp.release.xcconfig"; sourceTree = "<group>"; };
		5F3931D5EC538420FE714347 /* Pods_GalleryApp.framework */ = {isa = PBXFileReference; explicitFileType = wrapper.framework; includeInIndex = 0; path = Pods_GalleryApp.framework; sourceTree = BUILT_PRODUCTS_DIR; };
		CC12B9E71AB24CB3F84709ED /* Pods-GalleryApp.debug.xcconfig */ = {isa = PBXFileReference; includeInIndex = 1; lastKnownFileType = text.xcconfig; name = "Pods-GalleryApp.debug.xcconfig"; path = "Target Support Files/Pods-GalleryApp/Pods-GalleryApp.debug.xcconfig"; sourceTree = "<group>"; };
		CC4AAC9B2BA1D67B004746CC /* GalleryApp.app */ = {isa = PBXFileReference; explicitFileType = wrapper.application; includeInIndex = 0; path = GalleryApp.app; sourceTree = BUILT_PRODUCTS_DIR; };
		CC4AAC9E2BA1D67B004746CC /* AppDelegate.swift */ = {isa = PBXFileReference; lastKnownFileType = sourcecode.swift; path = AppDelegate.swift; sourceTree = "<group>"; };
		CC4AACA02BA1D67B004746CC /* SceneDelegate.swift */ = {isa = PBXFileReference; lastKnownFileType = sourcecode.swift; path = SceneDelegate.swift; sourceTree = "<group>"; };
		CC4AACA22BA1D67B004746CC /* ViewController.swift */ = {isa = PBXFileReference; lastKnownFileType = sourcecode.swift; path = ViewController.swift; sourceTree = "<group>"; };
		CC4AACA72BA1D67C004746CC /* Assets.xcassets */ = {isa = PBXFileReference; lastKnownFileType = folder.assetcatalog; path = Assets.xcassets; sourceTree = "<group>"; };
		CC4AACAA2BA1D67C004746CC /* Base */ = {isa = PBXFileReference; lastKnownFileType = file.storyboard; name = Base; path = Base.lproj/LaunchScreen.storyboard; sourceTree = "<group>"; };
		CC4AACAC2BA1D67C004746CC /* Info.plist */ = {isa = PBXFileReference; lastKnownFileType = text.plist.xml; path = Info.plist; sourceTree = "<group>"; };
		CC9C67882BA30C8C002B6EE0 /* Coordinator.swift */ = {isa = PBXFileReference; lastKnownFileType = sourcecode.swift; path = Coordinator.swift; sourceTree = "<group>"; };
		CC9C678A2BA31208002B6EE0 /* ImageGalleryScreenView.swift */ = {isa = PBXFileReference; lastKnownFileType = sourcecode.swift; path = ImageGalleryScreenView.swift; sourceTree = "<group>"; };
		CC9C678C2BA32107002B6EE0 /* ImageDetailScreenView.swift */ = {isa = PBXFileReference; lastKnownFileType = sourcecode.swift; path = ImageDetailScreenView.swift; sourceTree = "<group>"; };
		CC9C678E2BA3240F002B6EE0 /* ImageGalleryScreenViewModel.swift */ = {isa = PBXFileReference; lastKnownFileType = sourcecode.swift; path = ImageGalleryScreenViewModel.swift; sourceTree = "<group>"; };
		CC9C67902BA32420002B6EE0 /* ImageDetailsScreenViewModel.swift */ = {isa = PBXFileReference; lastKnownFileType = sourcecode.swift; path = ImageDetailsScreenViewModel.swift; sourceTree = "<group>"; };
		CC9C67922BA33620002B6EE0 /* APIService.swift */ = {isa = PBXFileReference; lastKnownFileType = sourcecode.swift; path = APIService.swift; sourceTree = "<group>"; };
		CC9C67952BA3363B002B6EE0 /* Model.swift */ = {isa = PBXFileReference; lastKnownFileType = sourcecode.swift; path = Model.swift; sourceTree = "<group>"; };
		CC9C67982BA5843D002B6EE0 /* PhotoCell.swift */ = {isa = PBXFileReference; lastKnownFileType = sourcecode.swift; path = PhotoCell.swift; sourceTree = "<group>"; };
		CC9C679A2BA5AD9F002B6EE0 /* FooterView.swift */ = {isa = PBXFileReference; lastKnownFileType = sourcecode.swift; path = FooterView.swift; sourceTree = "<group>"; };
/* End PBXFileReference section */

/* Begin PBXFrameworksBuildPhase section */
		CC4AAC982BA1D67B004746CC /* Frameworks */ = {
			isa = PBXFrameworksBuildPhase;
			buildActionMask = 2147483647;
			files = (
				1DCACEE1C65CAA5D7CDBAD96 /* Pods_GalleryApp.framework in Frameworks */,
			);
			runOnlyForDeploymentPostprocessing = 0;
		};
/* End PBXFrameworksBuildPhase section */

/* Begin PBXGroup section */
		447DBE06B1935F0CE58171B3 /* Frameworks */ = {
			isa = PBXGroup;
			children = (
				5F3931D5EC538420FE714347 /* Pods_GalleryApp.framework */,
			);
			name = Frameworks;
			sourceTree = "<group>";
		};
		BB4F69DA8E32F6CA586C9397 /* Pods */ = {
			isa = PBXGroup;
			children = (
				CC12B9E71AB24CB3F84709ED /* Pods-GalleryApp.debug.xcconfig */,
				53B43B5D4AB8B6679287B1D3 /* Pods-GalleryApp.release.xcconfig */,
			);
			path = Pods;
			sourceTree = "<group>";
		};
		CC4AAC922BA1D67B004746CC = {
			isa = PBXGroup;
			children = (
				CC4AAC9D2BA1D67B004746CC /* GalleryApp */,
				CC4AAC9C2BA1D67B004746CC /* Products */,
				BB4F69DA8E32F6CA586C9397 /* Pods */,
				447DBE06B1935F0CE58171B3 /* Frameworks */,
			);
			sourceTree = "<group>";
		};
		CC4AAC9C2BA1D67B004746CC /* Products */ = {
			isa = PBXGroup;
			children = (
				CC4AAC9B2BA1D67B004746CC /* GalleryApp.app */,
			);
			name = Products;
			sourceTree = "<group>";
		};
		CC4AAC9D2BA1D67B004746CC /* GalleryApp */ = {
			isa = PBXGroup;
			children = (
				CC9C67862BA2F445002B6EE0 /* Coordinator */,
				CC9C67822BA2F3EC002B6EE0 /* Modules */,
				CC9C67842BA2F42D002B6EE0 /* Services */,
				CC9C67872BA2F45E002B6EE0 /* Common */,
				CC4AACA22BA1D67B004746CC /* ViewController.swift */,
			);
			path = GalleryApp;
			sourceTree = "<group>";
		};
		CC9C67822BA2F3EC002B6EE0 /* Modules */ = {
			isa = PBXGroup;
			children = (
				CC9C67832BA2F412002B6EE0 /* ImageGalleryScreen */,
				CC9C67852BA2F433002B6EE0 /* ImageDetailScreen */,
			);
			path = Modules;
			sourceTree = "<group>";
		};
		CC9C67832BA2F412002B6EE0 /* ImageGalleryScreen */ = {
			isa = PBXGroup;
			children = (
				CC9C67972BA5841C002B6EE0 /* View */,
				CC9C678A2BA31208002B6EE0 /* ImageGalleryScreenView.swift */,
				CC9C678E2BA3240F002B6EE0 /* ImageGalleryScreenViewModel.swift */,
			);
			path = ImageGalleryScreen;
			sourceTree = "<group>";
		};
		CC9C67842BA2F42D002B6EE0 /* Services */ = {
			isa = PBXGroup;
			children = (
				CC9C67922BA33620002B6EE0 /* APIService.swift */,
				CC9C67952BA3363B002B6EE0 /* Model.swift */,
			);
			path = Services;
			sourceTree = "<group>";
		};
		CC9C67852BA2F433002B6EE0 /* ImageDetailScreen */ = {
			isa = PBXGroup;
			children = (
				CC9C678C2BA32107002B6EE0 /* ImageDetailScreenView.swift */,
				CC9C67902BA32420002B6EE0 /* ImageDetailsScreenViewModel.swift */,
			);
			path = ImageDetailScreen;
			sourceTree = "<group>";
		};
		CC9C67862BA2F445002B6EE0 /* Coordinator */ = {
			isa = PBXGroup;
			children = (
				CC9C67882BA30C8C002B6EE0 /* Coordinator.swift */,
			);
			path = Coordinator;
			sourceTree = "<group>";
		};
		CC9C67872BA2F45E002B6EE0 /* Common */ = {
			isa = PBXGroup;
			children = (
				CC4AACA72BA1D67C004746CC /* Assets.xcassets */,
				CC4AACA92BA1D67C004746CC /* LaunchScreen.storyboard */,
				CC4AACAC2BA1D67C004746CC /* Info.plist */,
				CC4AAC9E2BA1D67B004746CC /* AppDelegate.swift */,
				CC4AACA02BA1D67B004746CC /* SceneDelegate.swift */,
			);
			path = Common;
			sourceTree = "<group>";
		};
		CC9C67972BA5841C002B6EE0 /* View */ = {
			isa = PBXGroup;
			children = (
				CC9C67982BA5843D002B6EE0 /* PhotoCell.swift */,
				CC9C679A2BA5AD9F002B6EE0 /* FooterView.swift */,
			);
			path = View;
			sourceTree = "<group>";
		};
/* End PBXGroup section */

/* Begin PBXNativeTarget section */
		CC4AAC9A2BA1D67B004746CC /* GalleryApp */ = {
			isa = PBXNativeTarget;
			buildConfigurationList = CC4AACAF2BA1D67C004746CC /* Build configuration list for PBXNativeTarget "GalleryApp" */;
			buildPhases = (
				3EA7C37154EC326F6443E52C /* [CP] Check Pods Manifest.lock */,
				CC4AAC972BA1D67B004746CC /* Sources */,
				CC4AAC982BA1D67B004746CC /* Frameworks */,
				CC4AAC992BA1D67B004746CC /* Resources */,
				CC9C67802BA205AE002B6EE0 /* ShellScript */,
				4AFA8805D01B536C0E22B566 /* [CP] Embed Pods Frameworks */,
			);
			buildRules = (
			);
			dependencies = (
			);
			name = GalleryApp;
			productName = GalleryApp;
			productReference = CC4AAC9B2BA1D67B004746CC /* GalleryApp.app */;
			productType = "com.apple.product-type.application";
		};
/* End PBXNativeTarget section */

/* Begin PBXProject section */
		CC4AAC932BA1D67B004746CC /* Project object */ = {
			isa = PBXProject;
			attributes = {
				BuildIndependentTargetsInParallel = 1;
				LastSwiftUpdateCheck = 1520;
				LastUpgradeCheck = 1520;
				TargetAttributes = {
					CC4AAC9A2BA1D67B004746CC = {
						CreatedOnToolsVersion = 15.2;
					};
				};
			};
			buildConfigurationList = CC4AAC962BA1D67B004746CC /* Build configuration list for PBXProject "GalleryApp" */;
			compatibilityVersion = "Xcode 14.0";
			developmentRegion = en;
			hasScannedForEncodings = 0;
			knownRegions = (
				en,
				Base,
			);
			mainGroup = CC4AAC922BA1D67B004746CC;
			productRefGroup = CC4AAC9C2BA1D67B004746CC /* Products */;
			projectDirPath = "";
			projectRoot = "";
			targets = (
				CC4AAC9A2BA1D67B004746CC /* GalleryApp */,
			);
		};
/* End PBXProject section */

/* Begin PBXResourcesBuildPhase section */
		CC4AAC992BA1D67B004746CC /* Resources */ = {
			isa = PBXResourcesBuildPhase;
			buildActionMask = 2147483647;
			files = (
				CC4AACAB2BA1D67C004746CC /* LaunchScreen.storyboard in Resources */,
				CC4AACA82BA1D67C004746CC /* Assets.xcassets in Resources */,
			);
			runOnlyForDeploymentPostprocessing = 0;
		};
/* End PBXResourcesBuildPhase section */

/* Begin PBXShellScriptBuildPhase section */
		3EA7C37154EC326F6443E52C /* [CP] Check Pods Manifest.lock */ = {
			isa = PBXShellScriptBuildPhase;
			buildActionMask = 2147483647;
			files = (
			);
			inputFileListPaths = (
			);
			inputPaths = (
				"${PODS_PODFILE_DIR_PATH}/Podfile.lock",
				"${PODS_ROOT}/Manifest.lock",
			);
			name = "[CP] Check Pods Manifest.lock";
			outputFileListPaths = (
			);
			outputPaths = (
				"$(DERIVED_FILE_DIR)/Pods-GalleryApp-checkManifestLockResult.txt",
			);
			runOnlyForDeploymentPostprocessing = 0;
			shellPath = /bin/sh;
			shellScript = "diff \"${PODS_PODFILE_DIR_PATH}/Podfile.lock\" \"${PODS_ROOT}/Manifest.lock\" > /dev/null\nif [ $? != 0 ] ; then\n    # print error to STDERR\n    echo \"error: The sandbox is not in sync with the Podfile.lock. Run 'pod install' or update your CocoaPods installation.\" >&2\n    exit 1\nfi\n# This output is used by Xcode 'outputs' to avoid re-running this script phase.\necho \"SUCCESS\" > \"${SCRIPT_OUTPUT_FILE_0}\"\n";
			showEnvVarsInLog = 0;
		};
		4AFA8805D01B536C0E22B566 /* [CP] Embed Pods Frameworks */ = {
			isa = PBXShellScriptBuildPhase;
			buildActionMask = 2147483647;
			files = (
			);
			inputFileListPaths = (
				"${PODS_ROOT}/Target Support Files/Pods-GalleryApp/Pods-GalleryApp-frameworks-${CONFIGURATION}-input-files.xcfilelist",
			);
			name = "[CP] Embed Pods Frameworks";
			outputFileListPaths = (
				"${PODS_ROOT}/Target Support Files/Pods-GalleryApp/Pods-GalleryApp-frameworks-${CONFIGURATION}-output-files.xcfilelist",
			);
			runOnlyForDeploymentPostprocessing = 0;
			shellPath = /bin/sh;
			shellScript = "\"${PODS_ROOT}/Target Support Files/Pods-GalleryApp/Pods-GalleryApp-frameworks.sh\"\n";
			showEnvVarsInLog = 0;
		};
		CC9C67802BA205AE002B6EE0 /* ShellScript */ = {
			isa = PBXShellScriptBuildPhase;
			buildActionMask = 2147483647;
			files = (
			);
			inputFileListPaths = (
			);
			inputPaths = (
			);
			outputFileListPaths = (
			);
			outputPaths = (
			);
			runOnlyForDeploymentPostprocessing = 0;
			shellPath = /bin/sh;
			shellScript = "# Type a script or drag a script file from your workspace to insert its path.\n\"${PODS_ROOT}/SwiftLint/swiftlint\"\n";
		};
/* End PBXShellScriptBuildPhase section */

/* Begin PBXSourcesBuildPhase section */
		CC4AAC972BA1D67B004746CC /* Sources */ = {
			isa = PBXSourcesBuildPhase;
			buildActionMask = 2147483647;
			files = (
				CC9C678F2BA3240F002B6EE0 /* ImageGalleryScreenViewModel.swift in Sources */,
				CC9C67892BA30C8C002B6EE0 /* Coordinator.swift in Sources */,
				CC9C678B2BA31208002B6EE0 /* ImageGalleryScreenView.swift in Sources */,
				CC9C67912BA32420002B6EE0 /* ImageDetailsScreenViewModel.swift in Sources */,
				CC4AACA32BA1D67B004746CC /* ViewController.swift in Sources */,
				CC9C67962BA3363B002B6EE0 /* Model.swift in Sources */,
				CC9C678D2BA32107002B6EE0 /* ImageDetailScreenView.swift in Sources */,
				CC4AAC9F2BA1D67B004746CC /* AppDelegate.swift in Sources */,
				CC9C67932BA33620002B6EE0 /* APIService.swift in Sources */,
				CC9C679B2BA5AD9F002B6EE0 /* FooterView.swift in Sources */,
				CC9C67992BA5843D002B6EE0 /* PhotoCell.swift in Sources */,
				CC4AACA12BA1D67B004746CC /* SceneDelegate.swift in Sources */,
			);
			runOnlyForDeploymentPostprocessing = 0;
		};
/* End PBXSourcesBuildPhase section */

/* Begin PBXVariantGroup section */
		CC4AACA92BA1D67C004746CC /* LaunchScreen.storyboard */ = {
			isa = PBXVariantGroup;
			children = (
				CC4AACAA2BA1D67C004746CC /* Base */,
			);
			name = LaunchScreen.storyboard;
			sourceTree = "<group>";
		};
/* End PBXVariantGroup section */

/* Begin XCBuildConfiguration section */
		CC4AACAD2BA1D67C004746CC /* Debug */ = {
			isa = XCBuildConfiguration;
			buildSettings = {
				ALWAYS_SEARCH_USER_PATHS = NO;
				ASSETCATALOG_COMPILER_GENERATE_SWIFT_ASSET_SYMBOL_EXTENSIONS = YES;
				CLANG_ANALYZER_NONNULL = YES;
				CLANG_ANALYZER_NUMBER_OBJECT_CONVERSION = YES_AGGRESSIVE;
				CLANG_CXX_LANGUAGE_STANDARD = "gnu++20";
				CLANG_ENABLE_MODULES = YES;
				CLANG_ENABLE_OBJC_ARC = YES;
				CLANG_ENABLE_OBJC_WEAK = YES;
				CLANG_WARN_BLOCK_CAPTURE_AUTORELEASING = YES;
				CLANG_WARN_BOOL_CONVERSION = YES;
				CLANG_WARN_COMMA = YES;
				CLANG_WARN_CONSTANT_CONVERSION = YES;
				CLANG_WARN_DEPRECATED_OBJC_IMPLEMENTATIONS = YES;
				CLANG_WARN_DIRECT_OBJC_ISA_USAGE = YES_ERROR;
				CLANG_WARN_DOCUMENTATION_COMMENTS = YES;
				CLANG_WARN_EMPTY_BODY = YES;
				CLANG_WARN_ENUM_CONVERSION = YES;
				CLANG_WARN_INFINITE_RECURSION = YES;
				CLANG_WARN_INT_CONVERSION = YES;
				CLANG_WARN_NON_LITERAL_NULL_CONVERSION = YES;
				CLANG_WARN_OBJC_IMPLICIT_RETAIN_SELF = YES;
				CLANG_WARN_OBJC_LITERAL_CONVERSION = YES;
				CLANG_WARN_OBJC_ROOT_CLASS = YES_ERROR;
				CLANG_WARN_QUOTED_INCLUDE_IN_FRAMEWORK_HEADER = YES;
				CLANG_WARN_RANGE_LOOP_ANALYSIS = YES;
				CLANG_WARN_STRICT_PROTOTYPES = YES;
				CLANG_WARN_SUSPICIOUS_MOVE = YES;
				CLANG_WARN_UNGUARDED_AVAILABILITY = YES_AGGRESSIVE;
				CLANG_WARN_UNREACHABLE_CODE = YES;
				CLANG_WARN__DUPLICATE_METHOD_MATCH = YES;
				COPY_PHASE_STRIP = NO;
				DEBUG_INFORMATION_FORMAT = dwarf;
				ENABLE_STRICT_OBJC_MSGSEND = YES;
				ENABLE_TESTABILITY = YES;
				ENABLE_USER_SCRIPT_SANDBOXING = YES;
				GCC_C_LANGUAGE_STANDARD = gnu17;
				GCC_DYNAMIC_NO_PIC = NO;
				GCC_NO_COMMON_BLOCKS = YES;
				GCC_OPTIMIZATION_LEVEL = 0;
				GCC_PREPROCESSOR_DEFINITIONS = (
					"DEBUG=1",
					"$(inherited)",
				);
				GCC_WARN_64_TO_32_BIT_CONVERSION = YES;
				GCC_WARN_ABOUT_RETURN_TYPE = YES_ERROR;
				GCC_WARN_UNDECLARED_SELECTOR = YES;
				GCC_WARN_UNINITIALIZED_AUTOS = YES_AGGRESSIVE;
				GCC_WARN_UNUSED_FUNCTION = YES;
				GCC_WARN_UNUSED_VARIABLE = YES;
				IPHONEOS_DEPLOYMENT_TARGET = 17.2;
				LOCALIZATION_PREFERS_STRING_CATALOGS = YES;
				MTL_ENABLE_DEBUG_INFO = INCLUDE_SOURCE;
				MTL_FAST_MATH = YES;
				ONLY_ACTIVE_ARCH = YES;
				SDKROOT = iphoneos;
				SWIFT_ACTIVE_COMPILATION_CONDITIONS = "DEBUG $(inherited)";
				SWIFT_OPTIMIZATION_LEVEL = "-Onone";
			};
			name = Debug;
		};
		CC4AACAE2BA1D67C004746CC /* Release */ = {
			isa = XCBuildConfiguration;
			buildSettings = {
				ALWAYS_SEARCH_USER_PATHS = NO;
				ASSETCATALOG_COMPILER_GENERATE_SWIFT_ASSET_SYMBOL_EXTENSIONS = YES;
				CLANG_ANALYZER_NONNULL = YES;
				CLANG_ANALYZER_NUMBER_OBJECT_CONVERSION = YES_AGGRESSIVE;
				CLANG_CXX_LANGUAGE_STANDARD = "gnu++20";
				CLANG_ENABLE_MODULES = YES;
				CLANG_ENABLE_OBJC_ARC = YES;
				CLANG_ENABLE_OBJC_WEAK = YES;
				CLANG_WARN_BLOCK_CAPTURE_AUTORELEASING = YES;
				CLANG_WARN_BOOL_CONVERSION = YES;
				CLANG_WARN_COMMA = YES;
				CLANG_WARN_CONSTANT_CONVERSION = YES;
				CLANG_WARN_DEPRECATED_OBJC_IMPLEMENTATIONS = YES;
				CLANG_WARN_DIRECT_OBJC_ISA_USAGE = YES_ERROR;
				CLANG_WARN_DOCUMENTATION_COMMENTS = YES;
				CLANG_WARN_EMPTY_BODY = YES;
				CLANG_WARN_ENUM_CONVERSION = YES;
				CLANG_WARN_INFINITE_RECURSION = YES;
				CLANG_WARN_INT_CONVERSION = YES;
				CLANG_WARN_NON_LITERAL_NULL_CONVERSION = YES;
				CLANG_WARN_OBJC_IMPLICIT_RETAIN_SELF = YES;
				CLANG_WARN_OBJC_LITERAL_CONVERSION = YES;
				CLANG_WARN_OBJC_ROOT_CLASS = YES_ERROR;
				CLANG_WARN_QUOTED_INCLUDE_IN_FRAMEWORK_HEADER = YES;
				CLANG_WARN_RANGE_LOOP_ANALYSIS = YES;
				CLANG_WARN_STRICT_PROTOTYPES = YES;
				CLANG_WARN_SUSPICIOUS_MOVE = YES;
				CLANG_WARN_UNGUARDED_AVAILABILITY = YES_AGGRESSIVE;
				CLANG_WARN_UNREACHABLE_CODE = YES;
				CLANG_WARN__DUPLICATE_METHOD_MATCH = YES;
				COPY_PHASE_STRIP = NO;
				DEBUG_INFORMATION_FORMAT = "dwarf-with-dsym";
				ENABLE_NS_ASSERTIONS = NO;
				ENABLE_STRICT_OBJC_MSGSEND = YES;
				ENABLE_USER_SCRIPT_SANDBOXING = YES;
				GCC_C_LANGUAGE_STANDARD = gnu17;
				GCC_NO_COMMON_BLOCKS = YES;
				GCC_WARN_64_TO_32_BIT_CONVERSION = YES;
				GCC_WARN_ABOUT_RETURN_TYPE = YES_ERROR;
				GCC_WARN_UNDECLARED_SELECTOR = YES;
				GCC_WARN_UNINITIALIZED_AUTOS = YES_AGGRESSIVE;
				GCC_WARN_UNUSED_FUNCTION = YES;
				GCC_WARN_UNUSED_VARIABLE = YES;
				IPHONEOS_DEPLOYMENT_TARGET = 17.2;
				LOCALIZATION_PREFERS_STRING_CATALOGS = YES;
				MTL_ENABLE_DEBUG_INFO = NO;
				MTL_FAST_MATH = YES;
				SDKROOT = iphoneos;
				SWIFT_COMPILATION_MODE = wholemodule;
				VALIDATE_PRODUCT = YES;
			};
			name = Release;
		};
		CC4AACB02BA1D67C004746CC /* Debug */ = {
			isa = XCBuildConfiguration;
			baseConfigurationReference = CC12B9E71AB24CB3F84709ED /* Pods-GalleryApp.debug.xcconfig */;
			buildSettings = {
				ASSETCATALOG_COMPILER_APPICON_NAME = AppIcon;
				ASSETCATALOG_COMPILER_GLOBAL_ACCENT_COLOR_NAME = AccentColor;
				CODE_SIGN_STYLE = Automatic;
				CURRENT_PROJECT_VERSION = 1;
				DEVELOPMENT_TEAM = 73Q6PTQ49X;
				ENABLE_USER_SCRIPT_SANDBOXING = NO;
				GENERATE_INFOPLIST_FILE = YES;
				INFOPLIST_FILE = GalleryApp/Common/Info.plist;
				INFOPLIST_KEY_UIApplicationSupportsIndirectInputEvents = YES;
				INFOPLIST_KEY_UILaunchStoryboardName = LaunchScreen;
				INFOPLIST_KEY_UISupportedInterfaceOrientations_iPad = "UIInterfaceOrientationPortrait UIInterfaceOrientationPortraitUpsideDown UIInterfaceOrientationLandscapeLeft UIInterfaceOrientationLandscapeRight";
				INFOPLIST_KEY_UISupportedInterfaceOrientations_iPhone = "UIInterfaceOrientationPortrait UIInterfaceOrientationLandscapeLeft UIInterfaceOrientationLandscapeRight";
				IPHONEOS_DEPLOYMENT_TARGET = 13.0;
				LD_RUNPATH_SEARCH_PATHS = (
					"$(inherited)",
					"@executable_path/Frameworks",
				);
				MARKETING_VERSION = 1.0;
				PRODUCT_BUNDLE_IDENTIFIER = test.GalleryApp;
				PRODUCT_NAME = "$(TARGET_NAME)";
				SUPPORTED_PLATFORMS = "iphoneos iphonesimulator";
				SUPPORTS_MACCATALYST = NO;
				SUPPORTS_MAC_DESIGNED_FOR_IPHONE_IPAD = NO;
				SUPPORTS_XR_DESIGNED_FOR_IPHONE_IPAD = NO;
				SWIFT_EMIT_LOC_STRINGS = YES;
				SWIFT_VERSION = 5.0;
				TARGETED_DEVICE_FAMILY = "1,2";
			};
			name = Debug;
		};
		CC4AACB12BA1D67C004746CC /* Release */ = {
			isa = XCBuildConfiguration;
			baseConfigurationReference = 53B43B5D4AB8B6679287B1D3 /* Pods-GalleryApp.release.xcconfig */;
			buildSettings = {
				ASSETCATALOG_COMPILER_APPICON_NAME = AppIcon;
				ASSETCATALOG_COMPILER_GLOBAL_ACCENT_COLOR_NAME = AccentColor;
				CODE_SIGN_STYLE = Automatic;
				CURRENT_PROJECT_VERSION = 1;
				DEVELOPMENT_TEAM = 73Q6PTQ49X;
				ENABLE_USER_SCRIPT_SANDBOXING = NO;
				GENERATE_INFOPLIST_FILE = YES;
				INFOPLIST_FILE = GalleryApp/Common/Info.plist;
				INFOPLIST_KEY_UIApplicationSupportsIndirectInputEvents = YES;
				INFOPLIST_KEY_UILaunchStoryboardName = LaunchScreen;
				INFOPLIST_KEY_UISupportedInterfaceOrientations_iPad = "UIInterfaceOrientationPortrait UIInterfaceOrientationPortraitUpsideDown UIInterfaceOrientationLandscapeLeft UIInterfaceOrientationLandscapeRight";
				INFOPLIST_KEY_UISupportedInterfaceOrientations_iPhone = "UIInterfaceOrientationPortrait UIInterfaceOrientationLandscapeLeft UIInterfaceOrientationLandscapeRight";
				IPHONEOS_DEPLOYMENT_TARGET = 13.0;
				LD_RUNPATH_SEARCH_PATHS = (
					"$(inherited)",
					"@executable_path/Frameworks",
				);
				MARKETING_VERSION = 1.0;
				PRODUCT_BUNDLE_IDENTIFIER = test.GalleryApp;
				PRODUCT_NAME = "$(TARGET_NAME)";
				SUPPORTED_PLATFORMS = "iphoneos iphonesimulator";
				SUPPORTS_MACCATALYST = NO;
				SUPPORTS_MAC_DESIGNED_FOR_IPHONE_IPAD = NO;
				SUPPORTS_XR_DESIGNED_FOR_IPHONE_IPAD = NO;
				SWIFT_EMIT_LOC_STRINGS = YES;
				SWIFT_VERSION = 5.0;
				TARGETED_DEVICE_FAMILY = "1,2";
			};
			name = Release;
		};
/* End XCBuildConfiguration section */

/* Begin XCConfigurationList section */
		CC4AAC962BA1D67B004746CC /* Build configuration list for PBXProject "GalleryApp" */ = {
			isa = XCConfigurationList;
			buildConfigurations = (
				CC4AACAD2BA1D67C004746CC /* Debug */,
				CC4AACAE2BA1D67C004746CC /* Release */,
			);
			defaultConfigurationIsVisible = 0;
			defaultConfigurationName = Release;
		};
		CC4AACAF2BA1D67C004746CC /* Build configuration list for PBXNativeTarget "GalleryApp" */ = {
			isa = XCConfigurationList;
			buildConfigurations = (
				CC4AACB02BA1D67C004746CC /* Debug */,
				CC4AACB12BA1D67C004746CC /* Release */,
			);
			defaultConfigurationIsVisible = 0;
			defaultConfigurationName = Release;
		};
/* End XCConfigurationList section */
	};
	rootObject = CC4AAC932BA1D67B004746CC /* Project object */;
}
